
Microsoft Visual Studio Solution File, Format Version 12.00
# Visual Studio Version 17
VisualStudioVersion = 17.4.33110.190
MinimumVisualStudioVersion = 10.0.40219.1
Project("{FAE04EC0-301F-11D3-BF4B-00C04F79EFBC}") = "UretimVeYonetimOtomasyon", "UretimVeYonetimOtomasyon\UretimVeYonetimOtomasyon.csproj", "{50274D62-E5D7-40C7-8D00-688E40CB0487}"
EndProject
Global
	GlobalSection(SolutionConfigurationPlatforms) = preSolution
		Debug|Any CPU = Debug|Any CPU
		Release|Any CPU = Release|Any CPU
	EndGlobalSection
	GlobalSection(ProjectConfigurationPlatforms) = postSolution
		{50274D62-E5D7-40C7-8D00-688E40CB0487}.Debug|Any CPU.ActiveCfg = Debug|Any CPU
		{50274D62-E5D7-40C7-8D00-688E40CB0487}.Debug|Any CPU.Build.0 = Debug|Any CPU
		{50274D62-E5D7-40C7-8D00-688E40CB0487}.Release|Any CPU.ActiveCfg = Release|Any CPU
		{50274D62-E5D7-40C7-8D00-688E40CB0487}.Release|Any CPU.Build.0 = Release|Any CPU
	EndGlobalSection
	GlobalSection(SolutionProperties) = preSolution
		HideSolutionNode = FALSE
	EndGlobalSection
	GlobalSection(ExtensibilityGlobals) = postSolution
		SolutionGuid = {2677F140-FB20-4A14-999D-DAC4E5420D22}
	EndGlobalSection
EndGlobal
